lockfileVersion: '9.0'

settings:
  autoInstallPeers: true
  excludeLinksFromLockfile: false

importers:

  .:
    dependencies:
      vue3-toastify:
        specifier: ^0.2.8
        version: 0.2.8

packages:

  vue3-toastify@0.2.8:
    resolution: {integrity: sha512-8jDOqsJaBZEbGpCbhWDETJc11D1lZefvgFPq/IPdM+U7+qyXoVPDvK6uq/FIgyV7qV0NcNzvGBMEzjsLQqGROw==}
    engines: {node: '>=20', npm: '>=9.0.0'}
    peerDependencies:
      vue: '>=3.2.0'
    peerDependenciesMeta:
      vue:
        optional: true

snapshots:

  vue3-toastify@0.2.8: {}
